// !$*UTF8*$!
{
	archiveVersion = 1;
	classes = {
	};
	objectVersion = 48;
	objects = {

/* Begin PBXBuildFile section */
		FD1799CC2022EE5B00D8E0FF /* AppDelegate.swift in Sources */ = {isa = PBXBuildFile; fileRef = FD1799CB2022EE5B00D8E0FF /* AppDelegate.swift */; };
		FD1799CE2022EE5B00D8E0FF /* ViewController.swift in Sources */ = {isa = PBXBuildFile; fileRef = FD1799CD2022EE5B00D8E0FF /* ViewController.swift */; };
		FD1799D12022EE5B00D8E0FF /* Main.storyboard in Resources */ = {isa = PBXBuildFile; fileRef = FD1799CF2022EE5B00D8E0FF /* Main.storyboard */; };
		FD1799D32022EE5B00D8E0FF /* Assets.xcassets in Resources */ = {isa = PBXBuildFile; fileRef = FD1799D22022EE5B00D8E0FF /* Assets.xcassets */; };
		FD1799D62022EE5B00D8E0FF /* LaunchScreen.storyboard in Resources */ = {isa = PBXBuildFile; fileRef = FD1799D42022EE5B00D8E0FF /* LaunchScreen.storyboard */; };
/* End PBXBuildFile section */

/* Begin PBXFileReference section */
		FD1799C82022EE5B00D8E0FF /* AlternateIcon.app */ = {isa = PBXFileReference; explicitFileType = wrapper.application; includeInIndex = 0; path = AlternateIcon.app; sourceTree = BUILT_PRODUCTS_DIR; };
		FD1799CB2022EE5B00D8E0FF /* AppDelegate.swift */ = {isa = PBXFileReference; lastKnownFileType = sourcecode.swift; path = AppDelegate.swift; sourceTree = "<group>"; };
		FD1799CD2022EE5B00D8E0FF /* ViewController.swift */ = {isa = PBXFileReference; lastKnownFileType = sourcecode.swift; path = ViewController.swift; sourceTree = "<group>"; };
		FD1799D02022EE5B00D8E0FF /* Base */ = {isa = PBXFileReference; lastKnownFileType = file.storyboard; name = Base; path = Base.lproj/Main.storyboard; sourceTree = "<group>"; };
		FD1799D22022EE5B00D8E0FF /* Assets.xcassets */ = {isa = PBXFileReference; lastKnownFileType = folder.assetcatalog; path = Assets.xcassets; sourceTree = "<group>"; };
		FD1799D52022EE5B00D8E0FF /* Base */ = {isa = PBXFileReference; lastKnownFileType = file.storyboard; name = Base; path = Base.lproj/LaunchScreen.storyboard; sourceTree = "<group>"; };
		FD1799D72022EE5B00D8E0FF /* Info.plist */ = {isa = PBXFileReference; lastKnownFileType = text.plist.xml; path = Info.plist; sourceTree = "<group>"; };
/* End PBXFileReference section */

/* Begin PBXFrameworksBuildPhase section */
		FD1799C52022EE5B00D8E0FF /* Frameworks */ = {
			isa = PBXFrameworksBuildPhase;
			buildActionMask = 2147483647;
			files = (
			);
			runOnlyForDeploymentPostprocessing = 0;
		};
/* End PBXFrameworksBuildPhase section */

/* Begin PBXGroup section */
		FD1799BF2022EE5B00D8E0FF = {
			isa = PBXGroup;
			children = (
				FD1799CA2022EE5B00D8E0FF /* AlternateIcon */,
				FD1799C92022EE5B00D8E0FF /* Products */,
			);
			sourceTree = "<group>";
		};
		FD1799C92022EE5B00D8E0FF /* Products */ = {
			isa = PBXGroup;
			children = (
				FD1799C82022EE5B00D8E0FF /* AlternateIcon.app */,
			);
			name = Products;
			sourceTree = "<group>";
		};
		FD1799CA2022EE5B00D8E0FF /* AlternateIcon */ = {
			isa = PBXGroup;
			children = (
				FD1799CB2022EE5B00D8E0FF /* AppDelegate.swift */,
				FD1799CD2022EE5B00D8E0FF /* ViewController.swift */,
				FD1799CF2022EE5B00D8E0FF /* Main.storyboard */,
				FD1799D22022EE5B00D8E0FF /* Assets.xcassets */,
				FD1799D42022EE5B00D8E0FF /* LaunchScreen.storyboard */,
				FD1799D72022EE5B00D8E0FF /* Info.plist */,
			);
			path = AlternateIcon;
			sourceTree = "<group>";
		};
/* End PBXGroup section */

/* Begin PBXNativeTarget section */
		FD1799C72022EE5B00D8E0FF /* AlternateIcon */ = {
			isa = PBXNativeTarget;
			buildConfigurationList = FD1799DA2022EE5B00D8E0FF /* Build configuration list for PBXNativeTarget "AlternateIcon" */;
			buildPhases = (
				FD1799C42022EE5B00D8E0FF /* Sources */,
				FD1799C52022EE5B00D8E0FF /* Frameworks */,
				FD1799C62022EE5B00D8E0FF /* Resources */,
			);
			buildRules = (
			);
			dependencies = (
			);
			name = AlternateIcon;
			productName = AlternateIcon;
			productReference = FD1799C82022EE5B00D8E0FF /* AlternateIcon.app */;
			productType = "com.apple.product-type.application";
		};
/* End PBXNativeTarget section */

/* Begin PBXProject section */
		FD1799C02022EE5B00D8E0FF /* Project object */ = {
			isa = PBXProject;
			attributes = {
				LastSwiftUpdateCheck = 0920;
				LastUpgradeCheck = 0920;
				ORGANIZATIONNAME = huayang;
				TargetAttributes = {
					FD1799C72022EE5B00D8E0FF = {
						CreatedOnToolsVersion = 9.2;
						ProvisioningStyle = Automatic;
					};
				};
			};
			buildConfigurationList = FD1799C32022EE5B00D8E0FF /* Build configuration list for PBXProject "AlternateIcon" */;
			compatibilityVersion = "Xcode 8.0";
			developmentRegion = en;
			hasScannedForEncodings = 0;
			knownRegions = (
				en,
				Base,
			);
			mainGroup = FD1799BF2022EE5B00D8E0FF;
			productRefGroup = FD1799C92022EE5B00D8E0FF /* Products */;
			projectDirPath = "";
			projectRoot = "";
			targets = (
				FD1799C72022EE5B00D8E0FF /* AlternateIcon */,
			);
		};
/* End PBXProject section */

/* Begin PBXResourcesBuildPhase section */
		FD1799C62022EE5B00D8E0FF /* Resources */ = {
			isa = PBXResourcesBuildPhase;
			buildActionMask = 2147483647;
			files = (
				FD1799D62022EE5B00D8E0FF /* LaunchScreen.storyboard in Resources */,
				FD1799D32022EE5B00D8E0FF /* Assets.xcassets in Resources */,
				FD1799D12022EE5B00D8E0FF /* Main.storyboard in Resources */,
			);
			runOnlyForDeploymentPostprocessing = 0;
		};
/* End PBXResourcesBuildPhase section */

/* Begin PBXSourcesBuildPhase section */
		FD1799C42022EE5B00D8E0FF /* Sources */ = {
			isa = PBXSourcesBuildPhase;
			buildActionMask = 2147483647;
			files = (
				FD1799CE2022EE5B00D8E0FF /* ViewController.swift in Sources */,
				FD1799CC2022EE5B00D8E0FF /* AppDelegate.swift in Sources */,
			);
			runOnlyForDeploymentPostprocessing = 0;
		};
/* End PBXSourcesBuildPhase section */

/* Begin PBXVariantGroup section */
		FD1799CF2022EE5B00D8E0FF /* Main.storyboard */ = {
			isa = PBXVariantGroup;
			children = (
				FD1799D02022EE5B00D8E0FF /* Base */,
			);
			name = Main.storyboard;
			sourceTree = "<group>";
		};
		FD1799D42022EE5B00D8E0FF /* LaunchScreen.storyboard */ = {
			isa = PBXVariantGroup;
			children = (
				FD1799D52022EE5B00D8E0FF /* Base */,
			);
			name = LaunchScreen.storyboard;
			sourceTree = "<group>";
		};
/* End PBXVariantGroup section */

/* Begin XCBuildConfiguration section */
		FD1799D82022EE5B00D8E0FF /* Debug */ = {
			isa = XCBuildConfiguration;
			buildSettings = {
				ALWAYS_SEARCH_USER_PATHS = NO;
				CLANG_ANALYZER_NONNULL = YES;
				CLANG_ANALYZER_NUMBER_OBJECT_CONVERSION = YES_AGGRESSIVE;
				CLANG_CXX_LANGUAGE_STANDARD = "gnu++14";
				CLANG_CXX_LIBRARY = "libc++";
				CLANG_ENABLE_MODULES = YES;
				CLANG_ENABLE_OBJC_ARC = YES;
				CLANG_WARN_BLOCK_CAPTURE_AUTORELEASING = YES;
				CLANG_WARN_BOOL_CONVERSION = YES;
				CLANG_WARN_COMMA = YES;
				CLANG_WARN_CONSTANT_CONVERSION = YES;
				CLANG_WARN_DIRECT_OBJC_ISA_USAGE = YES_ERROR;
				CLANG_WARN_DOCUMENTATION_COMMENTS = YES;
				CLANG_WARN_EMPTY_BODY = YES;
				CLANG_WARN_ENUM_CONVERSION = YES;
				CLANG_WARN_INFINITE_RECURSION = YES;
				CLANG_WARN_INT_CONVERSION = YES;
				CLANG_WARN_NON_LITERAL_NULL_CONVERSION = YES;
				CLANG_WARN_OBJC_LITERAL_CONVERSION = YES;
				CLANG_WARN_OBJC_ROOT_CLASS = YES_ERROR;
				CLANG_WARN_RANGE_LOOP_ANALYSIS = YES;
				CLANG_WARN_STRICT_PROTOTYPES = YES;
				CLANG_WARN_SUSPICIOUS_MOVE = YES;
				CLANG_WARN_UNGUARDED_AVAILABILITY = YES_AGGRESSIVE;
				CLANG_WARN_UNREACHABLE_CODE = YES;
				CLANG_WARN__DUPLICATE_METHOD_MATCH = YES;
				CODE_SIGN_IDENTITY = "iPhone Developer";
				COPY_PHASE_STRIP = NO;
				DEBUG_INFORMATION_FORMAT = dwarf;
				ENABLE_STRICT_OBJC_MSGSEND = YES;
				ENABLE_TESTABILITY = YES;
				GCC_C_LANGUAGE_STANDARD = gnu11;
				GCC_DYNAMIC_NO_PIC = NO;
				GCC_NO_COMMON_BLOCKS = YES;
				GCC_OPTIMIZATION_LEVEL = 0;
				GCC_PREPROCESSOR_DEFINITIONS = (
					"DEBUG=1",
					"$(inherited)",
				);
				GCC_WARN_64_TO_32_BIT_CONVERSION = YES;
				GCC_WARN_ABOUT_RETURN_TYPE = YES_ERROR;
				GCC_WARN_UNDECLARED_SELECTOR = YES;
				GCC_WARN_UNINITIALIZED_AUTOS = YES_AGGRESSIVE;
				GCC_WARN_UNUSED_FUNCTION = YES;
				GCC_WARN_UNUSED_VARIABLE = YES;
				IPHONEOS_DEPLOYMENT_TARGET = 11.2;
				MTL_ENABLE_DEBUG_INFO = YES;
				ONLY_ACTIVE_ARCH = YES;
				SDKROOT = iphoneos;
				SWIFT_ACTIVE_COMPILATION_CONDITIONS = DEBUG;
				SWIFT_OPTIMIZATION_LEVEL = "-Onone";
			};
			name = Debug;
		};
		FD1799D92022EE5B00D8E0FF /* Release */ = {
			isa = XCBuildConfiguration;
			buildSettings = {
				ALWAYS_SEARCH_USER_PATHS = NO;
				CLANG_ANALYZER_NONNULL = YES;
				CLANG_ANALYZER_NUMBER_OBJECT_CONVERSION = YES_AGGRESSIVE;
				CLANG_CXX_LANGUAGE_STANDARD = "gnu++14";
				CLANG_CXX_LIBRARY = "libc++";
				CLANG_ENABLE_MODULES = YES;
				CLANG_ENABLE_OBJC_ARC = YES;
				CLANG_WARN_BLOCK_CAPTURE_AUTORELEASING = YES;
				CLANG_WARN_BOOL_CONVERSION = YES;
				CLANG_WARN_COMMA = YES;
				CLANG_WARN_CONSTANT_CONVERSION = YES;
				CLANG_WARN_DIRECT_OBJC_ISA_USAGE = YES_ERROR;
				CLANG_WARN_DOCUMENTATION_COMMENTS = YES;
				CLANG_WARN_EMPTY_BODY = YES;
				CLANG_WARN_ENUM_CONVERSION = YES;
				CLANG_WARN_INFINITE_RECURSION = YES;
				CLANG_WARN_INT_CONVERSION = YES;
				CLANG_WARN_NON_LITERAL_NULL_CONVERSION = YES;
				CLANG_WARN_OBJC_LITERAL_CONVERSION = YES;
				CLANG_WARN_OBJC_ROOT_CLASS = YES_ERROR;
				CLANG_WARN_RANGE_LOOP_ANALYSIS = YES;
				CLANG_WARN_STRICT_PROTOTYPES = YES;
				CLANG_WARN_SUSPICIOUS_MOVE = YES;
				CLANG_WARN_UNGUARDED_AVAILABILITY = YES_AGGRESSIVE;
				CLANG_WARN_UNREACHABLE_CODE = YES;
				CLANG_WARN__DUPLICATE_METHOD_MATCH = YES;
				CODE_SIGN_IDENTITY = "iPhone Developer";
				COPY_PHASE_STRIP = NO;
				DEBUG_INFORMATION_FORMAT = "dwarf-with-dsym";
				ENABLE_NS_ASSERTIONS = NO;
				ENABLE_STRICT_OBJC_MSGSEND = YES;
				GCC_C_LANGUAGE_STANDARD = gnu11;
				GCC_NO_COMMON_BLOCKS = YES;
				GCC_WARN_64_TO_32_BIT_CONVERSION = YES;
				GCC_WARN_ABOUT_RETURN_TYPE = YES_ERROR;
				GCC_WARN_UNDECLARED_SELECTOR = YES;
				GCC_WARN_UNINITIALIZED_AUTOS = YES_AGGRESSIVE;
				GCC_WARN_UNUSED_FUNCTION = YES;
				GCC_WARN_UNUSED_VARIABLE = YES;
				IPHONEOS_DEPLOYMENT_TARGET = 11.2;
				MTL_ENABLE_DEBUG_INFO = NO;
				SDKROOT = iphoneos;
				SWIFT_OPTIMIZATION_LEVEL = "-Owholemodule";
				VALIDATE_PRODUCT = YES;
			};
			name = Release;
		};
		FD1799DB2022EE5B00D8E0FF /* Debug */ = {
			isa = XCBuildConfiguration;
			buildSettings = {
				ASSETCATALOG_COMPILER_APPICON_NAME = AppIcon;
				CODE_SIGN_STYLE = Automatic;
				DEVELOPMENT_TEAM = URE75DR8Y6;
				INFOPLIST_FILE = AlternateIcon/Info.plist;
				LD_RUNPATH_SEARCH_PATHS = "$(inherited) @executable_path/Frameworks";
				PRODUCT_BUNDLE_IDENTIFIER = com.huayang.AlternateIcon;
				PRODUCT_NAME = "$(TARGET_NAME)";
				SWIFT_VERSION = 4.0;
				TARGETED_DEVICE_FAMILY = "1,2";
			};
			name = Debug;
		};
		FD1799DC2022EE5B00D8E0FF /* Release */ = {
			isa = XCBuildConfiguration;
			buildSettings = {
				ASSETCATALOG_COMPILER_APPICON_NAME = AppIcon;
				CODE_SIGN_STYLE = Automatic;
				DEVELOPMENT_TEAM = URE75DR8Y6;
				INFOPLIST_FILE = AlternateIcon/Info.plist;
				LD_RUNPATH_SEARCH_PATHS = "$(inherited) @executable_path/Frameworks";
				PRODUCT_BUNDLE_IDENTIFIER = com.huayang.AlternateIcon;
				PRODUCT_NAME = "$(TARGET_NAME)";
				SWIFT_VERSION = 4.0;
				TARGETED_DEVICE_FAMILY = "1,2";
			};
			name = Release;
		};
/* End XCBuildConfiguration section */

/* Begin XCConfigurationList section */
		FD1799C32022EE5B00D8E0FF /* Build configuration list for PBXProject "AlternateIcon" */ = {
			isa = XCConfigurationList;
			buildConfigurations = (
				FD1799D82022EE5B00D8E0FF /* Debug */,
				FD1799D92022EE5B00D8E0FF /* Release */,
			);
			defaultConfigurationIsVisible = 0;
			defaultConfigurationName = Release;
		};
		FD1799DA2022EE5B00D8E0FF /* Build configuration list for PBXNativeTarget "AlternateIcon" */ = {
			isa = XCConfigurationList;
			buildConfigurations = (
				FD1799DB2022EE5B00D8E0FF /* Debug */,
				FD1799DC2022EE5B00D8E0FF /* Release */,
			);
			defaultConfigurationIsVisible = 0;
			defaultConfigurationName = Release;
		};
/* End XCConfigurationList section */
	};
	rootObject = FD1799C02022EE5B00D8E0FF /* Project object */;
}
